// !$*UTF8*$!
{
	archiveVersion = 1;
	classes = {
	};
	objectVersion = 46;
	objects = {

/* Begin PBXBuildFile section */
		956BE4B61D8ACB5000D1266C /* AppDelegate.swift in Sources */ = {isa = PBXBuildFile; fileRef = 956BE4B51D8ACB5000D1266C /* AppDelegate.swift */; };
		956BE4B81D8ACB5000D1266C /* ViewController.swift in Sources */ = {isa = PBXBuildFile; fileRef = 956BE4B71D8ACB5000D1266C /* ViewController.swift */; };
		956BE4BB1D8ACB5000D1266C /* Main.storyboard in Resources */ = {isa = PBXBuildFile; fileRef = 956BE4B91D8ACB5000D1266C /* Main.storyboard */; };
		956BE4BD1D8ACB5000D1266C /* Assets.xcassets in Resources */ = {isa = PBXBuildFile; fileRef = 956BE4BC1D8ACB5000D1266C /* Assets.xcassets */; };
		956BE4C01D8ACB5000D1266C /* LaunchScreen.storyboard in Resources */ = {isa = PBXBuildFile; fileRef = 956BE4BE1D8ACB5000D1266C /* LaunchScreen.storyboard */; };
		956BE4C81D8AD57200D1266C /* ResultViewController.swift in Sources */ = {isa = PBXBuildFile; fileRef = 956BE4C71D8AD57200D1266C /* ResultViewController.swift */; };
/* End PBXBuildFile section */

/* Begin PBXFileReference section */
		956BE4B21D8ACB5000D1266C /* SecondKadaiApp.app */ = {isa = PBXFileReference; explicitFileType = wrapper.application; includeInIndex = 0; path = SecondKadaiApp.app; sourceTree = BUILT_PRODUCTS_DIR; };
		956BE4B51D8ACB5000D1266C /* AppDelegate.swift */ = {isa = PBXFileReference; lastKnownFileType = sourcecode.swift; path = AppDelegate.swift; sourceTree = "<group>"; };
		956BE4B71D8ACB5000D1266C /* ViewController.swift */ = {isa = PBXFileReference; lastKnownFileType = sourcecode.swift; path = ViewController.swift; sourceTree = "<group>"; };
		956BE4BA1D8ACB5000D1266C /* Base */ = {isa = PBXFileReference; lastKnownFileType = file.storyboard; name = Base; path = Base.lproj/Main.storyboard; sourceTree = "<group>"; };
		956BE4BC1D8ACB5000D1266C /* Assets.xcassets */ = {isa = PBXFileReference; lastKnownFileType = folder.assetcatalog; path = Assets.xcassets; sourceTree = "<group>"; };
		956BE4BF1D8ACB5000D1266C /* Base */ = {isa = PBXFileReference; lastKnownFileType = file.storyboard; name = Base; path = Base.lproj/LaunchScreen.storyboard; sourceTree = "<group>"; };
		956BE4C11D8ACB5000D1266C /* Info.plist */ = {isa = PBXFileReference; lastKnownFileType = text.plist.xml; path = Info.plist; sourceTree = "<group>"; };
		956BE4C71D8AD57200D1266C /* ResultViewController.swift */ = {isa = PBXFileReference; fileEncoding = 4; lastKnownFileType = sourcecode.swift; path = ResultViewController.swift; sourceTree = "<group>"; };
/* End PBXFileReference section */

/* Begin PBXFrameworksBuildPhase section */
		956BE4AF1D8ACB5000D1266C /* Frameworks */ = {
			isa = PBXFrameworksBuildPhase;
			buildActionMask = 2147483647;
			files = (
			);
			runOnlyForDeploymentPostprocessing = 0;
		};
/* End PBXFrameworksBuildPhase section */

/* Begin PBXGroup section */
		956BE4A91D8ACB5000D1266C = {
			isa = PBXGroup;
			children = (
				956BE4B41D8ACB5000D1266C /* SecondKadaiApp */,
				956BE4B31D8ACB5000D1266C /* Products */,
			);
			sourceTree = "<group>";
		};
		956BE4B31D8ACB5000D1266C /* Products */ = {
			isa = PBXGroup;
			children = (
				956BE4B21D8ACB5000D1266C /* SecondKadaiApp.app */,
			);
			name = Products;
			sourceTree = "<group>";
		};
		956BE4B41D8ACB5000D1266C /* SecondKadaiApp */ = {
			isa = PBXGroup;
			children = (
				956BE4B51D8ACB5000D1266C /* AppDelegate.swift */,
				956BE4B71D8ACB5000D1266C /* ViewController.swift */,
				956BE4C71D8AD57200D1266C /* ResultViewController.swift */,
				956BE4B91D8ACB5000D1266C /* Main.storyboard */,
				956BE4BC1D8ACB5000D1266C /* Assets.xcassets */,
				956BE4BE1D8ACB5000D1266C /* LaunchScreen.storyboard */,
				956BE4C11D8ACB5000D1266C /* Info.plist */,
			);
			path = SecondKadaiApp;
			sourceTree = "<group>";
		};
/* End PBXGroup section */

/* Begin PBXNativeTarget section */
		956BE4B11D8ACB5000D1266C /* SecondKadaiApp */ = {
			isa = PBXNativeTarget;
			buildConfigurationList = 956BE4C41D8ACB5000D1266C /* Build configuration list for PBXNativeTarget "SecondKadaiApp" */;
			buildPhases = (
				956BE4AE1D8ACB5000D1266C /* Sources */,
				956BE4AF1D8ACB5000D1266C /* Frameworks */,
				956BE4B01D8ACB5000D1266C /* Resources */,
			);
			buildRules = (
			);
			dependencies = (
			);
			name = SecondKadaiApp;
			productName = SecondKadaiApp;
			productReference = 956BE4B21D8ACB5000D1266C /* SecondKadaiApp.app */;
			productType = "com.apple.product-type.application";
		};
/* End PBXNativeTarget section */

/* Begin PBXProject section */
		956BE4AA1D8ACB5000D1266C /* Project object */ = {
			isa = PBXProject;
			attributes = {
				LastSwiftUpdateCheck = 0730;
				LastUpgradeCheck = 0730;
				ORGANIZATIONNAME = soomet;
				TargetAttributes = {
					956BE4B11D8ACB5000D1266C = {
						CreatedOnToolsVersion = 7.3.1;
					};
				};
			};
			buildConfigurationList = 956BE4AD1D8ACB5000D1266C /* Build configuration list for PBXProject "SecondKadaiApp" */;
			compatibilityVersion = "Xcode 3.2";
			developmentRegion = English;
			hasScannedForEncodings = 0;
			knownRegions = (
				en,
				Base,
			);
			mainGroup = 956BE4A91D8ACB5000D1266C;
			productRefGroup = 956BE4B31D8ACB5000D1266C /* Products */;
			projectDirPath = "";
			projectRoot = "";
			targets = (
				956BE4B11D8ACB5000D1266C /* SecondKadaiApp */,
			);
		};
/* End PBXProject section */

/* Begin PBXResourcesBuildPhase section */
		956BE4B01D8ACB5000D1266C /* Resources */ = {
			isa = PBXResourcesBuildPhase;
			buildActionMask = 2147483647;
			files = (
				956BE4C01D8ACB5000D1266C /* LaunchScreen.storyboard in Resources */,
				956BE4BD1D8ACB5000D1266C /* Assets.xcassets in Resources */,
				956BE4BB1D8ACB5000D1266C /* Main.storyboard in Resources */,
			);
			runOnlyForDeploymentPostprocessing = 0;
		};
/* End PBXResourcesBuildPhase section */

/* Begin PBXSourcesBuildPhase section */
		956BE4AE1D8ACB5000D1266C /* Sources */ = {
			isa = PBXSourcesBuildPhase;
			buildActionMask = 2147483647;
			files = (
				956BE4B81D8ACB5000D1266C /* ViewController.swift in Sources */,
				956BE4B61D8ACB5000D1266C /* AppDelegate.swift in Sources */,
				956BE4C81D8AD57200D1266C /* ResultViewController.swift in Sources */,
			);
			runOnlyForDeploymentPostprocessing = 0;
		};
/* End PBXSourcesBuildPhase section */

/* Begin PBXVariantGroup section */
		956BE4B91D8ACB5000D1266C /* Main.storyboard */ = {
			isa = PBXVariantGroup;
			children = (
				956BE4BA1D8ACB5000D1266C /* Base */,
			);
			name = Main.storyboard;
			sourceTree = "<group>";
		};
		956BE4BE1D8ACB5000D1266C /* LaunchScreen.storyboard */ = {
			isa = PBXVariantGroup;
			children = (
				956BE4BF1D8ACB5000D1266C /* Base */,
			);
			name = LaunchScreen.storyboard;
			sourceTree = "<group>";
		};
/* End PBXVariantGroup section */

/* Begin XCBuildConfiguration section */
		956BE4C21D8ACB5000D1266C /* Debug */ = {
			isa = XCBuildConfiguration;
			buildSettings = {
				ALWAYS_SEARCH_USER_PATHS = NO;
				CLANG_ANALYZER_NONNULL = YES;
				CLANG_CXX_LANGUAGE_STANDARD = "gnu++0x";
				CLANG_CXX_LIBRARY = "libc++";
				CLANG_ENABLE_MODULES = YES;
				CLANG_ENABLE_OBJC_ARC = YES;
				CLANG_WARN_BOOL_CONVERSION = YES;
				CLANG_WARN_CONSTANT_CONVERSION = YES;
				CLANG_WARN_DIRECT_OBJC_ISA_USAGE = YES_ERROR;
				CLANG_WARN_EMPTY_BODY = YES;
				CLANG_WARN_ENUM_CONVERSION = YES;
				CLANG_WARN_INT_CONVERSION = YES;
				CLANG_WARN_OBJC_ROOT_CLASS = YES_ERROR;
				CLANG_WARN_UNREACHABLE_CODE = YES;
				CLANG_WARN__DUPLICATE_METHOD_MATCH = YES;
				"CODE_SIGN_IDENTITY[sdk=iphoneos*]" = "iPhone Developer";
				COPY_PHASE_STRIP = NO;
				DEBUG_INFORMATION_FORMAT = dwarf;
				ENABLE_STRICT_OBJC_MSGSEND = YES;
				ENABLE_TESTABILITY = YES;
				GCC_C_LANGUAGE_STANDARD = gnu99;
				GCC_DYNAMIC_NO_PIC = NO;
				GCC_NO_COMMON_BLOCKS = YES;
				GCC_OPTIMIZATION_LEVEL = 0;
				GCC_PREPROCESSOR_DEFINITIONS = (
					"DEBUG=1",
					"$(inherited)",
				);
				GCC_WARN_64_TO_32_BIT_CONVERSION = YES;
				GCC_WARN_ABOUT_RETURN_TYPE = YES_ERROR;
				GCC_WARN_UNDECLARED_SELECTOR = YES;
				GCC_WARN_UNINITIALIZED_AUTOS = YES_AGGRESSIVE;
				GCC_WARN_UNUSED_FUNCTION = YES;
				GCC_WARN_UNUSED_VARIABLE = YES;
				IPHONEOS_DEPLOYMENT_TARGET = 9.3;
				MTL_ENABLE_DEBUG_INFO = YES;
				ONLY_ACTIVE_ARCH = YES;
				SDKROOT = iphoneos;
				SWIFT_OPTIMIZATION_LEVEL = "-Onone";
			};
			name = Debug;
		};
		956BE4C31D8ACB5000D1266C /* Release */ = {
			isa = XCBuildConfiguration;
			buildSettings = {
				ALWAYS_SEARCH_USER_PATHS = NO;
				CLANG_ANALYZER_NONNULL = YES;
				CLANG_CXX_LANGUAGE_STANDARD = "gnu++0x";
				CLANG_CXX_LIBRARY = "libc++";
				CLANG_ENABLE_MODULES = YES;
				CLANG_ENABLE_OBJC_ARC = YES;
				CLANG_WARN_BOOL_CONVERSION = YES;
				CLANG_WARN_CONSTANT_CONVERSION = YES;
				CLANG_WARN_DIRECT_OBJC_ISA_USAGE = YES_ERROR;
				CLANG_WARN_EMPTY_BODY = YES;
				CLANG_WARN_ENUM_CONVERSION = YES;
				CLANG_WARN_INT_CONVERSION = YES;
				CLANG_WARN_OBJC_ROOT_CLASS = YES_ERROR;
				CLANG_WARN_UNREACHABLE_CODE = YES;
				CLANG_WARN__DUPLICATE_METHOD_MATCH = YES;
				"CODE_SIGN_IDENTITY[sdk=iphoneos*]" = "iPhone Developer";
				COPY_PHASE_STRIP = NO;
				DEBUG_INFORMATION_FORMAT = "dwarf-with-dsym";
				ENABLE_NS_ASSERTIONS = NO;
				ENABLE_STRICT_OBJC_MSGSEND = YES;
				GCC_C_LANGUAGE_STANDARD = gnu99;
				GCC_NO_COMMON_BLOCKS = YES;
				GCC_WARN_64_TO_32_BIT_CONVERSION = YES;
				GCC_WARN_ABOUT_RETURN_TYPE = YES_ERROR;
				GCC_WARN_UNDECLARED_SELECTOR = YES;
				GCC_WARN_UNINITIALIZED_AUTOS = YES_AGGRESSIVE;
				GCC_WARN_UNUSED_FUNCTION = YES;
				GCC_WARN_UNUSED_VARIABLE = YES;
				IPHONEOS_DEPLOYMENT_TARGET = 9.3;
				MTL_ENABLE_DEBUG_INFO = NO;
				SDKROOT = iphoneos;
				VALIDATE_PRODUCT = YES;
			};
			name = Release;
		};
		956BE4C51D8ACB5000D1266C /* Debug */ = {
			isa = XCBuildConfiguration;
			buildSettings = {
				ASSETCATALOG_COMPILER_APPICON_NAME = AppIcon;
				INFOPLIST_FILE = SecondKadaiApp/Info.plist;
				LD_RUNPATH_SEARCH_PATHS = "$(inherited) @executable_path/Frameworks";
				PRODUCT_BUNDLE_IDENTIFIER = jp.techacademy.soomet.SecondKadaiApp;
				PRODUCT_NAME = "$(TARGET_NAME)";
			};
			name = Debug;
		};
		956BE4C61D8ACB5000D1266C /* Release */ = {
			isa = XCBuildConfiguration;
			buildSettings = {
				ASSETCATALOG_COMPILER_APPICON_NAME = AppIcon;
				INFOPLIST_FILE = SecondKadaiApp/Info.plist;
				LD_RUNPATH_SEARCH_PATHS = "$(inherited) @executable_path/Frameworks";
				PRODUCT_BUNDLE_IDENTIFIER = jp.techacademy.soomet.SecondKadaiApp;
				PRODUCT_NAME = "$(TARGET_NAME)";
			};
			name = Release;
		};
/* End XCBuildConfiguration section */

/* Begin XCConfigurationList section */
		956BE4AD1D8ACB5000D1266C /* Build configuration list for PBXProject "SecondKadaiApp" */ = {
			isa = XCConfigurationList;
			buildConfigurations = (
				956BE4C21D8ACB5000D1266C /* Debug */,
				956BE4C31D8ACB5000D1266C /* Release */,
			);
			defaultConfigurationIsVisible = 0;
			defaultConfigurationName = Release;
		};
		956BE4C41D8ACB5000D1266C /* Build configuration list for PBXNativeTarget "SecondKadaiApp" */ = {
			isa = XCConfigurationList;
			buildConfigurations = (
				956BE4C51D8ACB5000D1266C /* Debug */,
				956BE4C61D8ACB5000D1266C /* Release */,
			);
			defaultConfigurationIsVisible = 0;
		};
/* End XCConfigurationList section */
	};
	rootObject = 956BE4AA1D8ACB5000D1266C /* Project object */;
}
